
Microsoft Visual Studio Solution File, Format Version 12.00
# Visual Studio Version 17
VisualStudioVersion = 17.4.33213.308
MinimumVisualStudioVersion = 10.0.40219.1
Project("{FAE04EC0-301F-11D3-BF4B-00C04F79EFBC}") = "cafe_try_two", "cafe_try_two\cafe_try_two.csproj", "{132AECFD-19C7-4A64-9310-161F8B4F3187}"
EndProject
Global
	GlobalSection(SolutionConfigurationPlatforms) = preSolution
		Debug|Any CPU = Debug|Any CPU
		Release|Any CPU = Release|Any CPU
	EndGlobalSection
	GlobalSection(ProjectConfigurationPlatforms) = postSolution
		{132AECFD-19C7-4A64-9310-161F8B4F3187}.Debug|Any CPU.ActiveCfg = Debug|Any CPU
		{132AECFD-19C7-4A64-9310-161F8B4F3187}.Debug|Any CPU.Build.0 = Debug|Any CPU
		{132AECFD-19C7-4A64-9310-161F8B4F3187}.Release|Any CPU.ActiveCfg = Release|Any CPU
		{132AECFD-19C7-4A64-9310-161F8B4F3187}.Release|Any CPU.Build.0 = Release|Any CPU
	EndGlobalSection
	GlobalSection(SolutionProperties) = preSolution
		HideSolutionNode = FALSE
	EndGlobalSection
	GlobalSection(ExtensibilityGlobals) = postSolution
		SolutionGuid = {FE243302-52CD-4389-A9C0-4359E3787196}
	EndGlobalSection
EndGlobal
